<?xml version="1.0" encoding="utf-8"?>
<Project ToolsVersion="4.0" xmlns="http://schemas.microsoft.com/developer/msbuild/2003">
  <ItemGroup>
    <Filter Include="源文件">
      <UniqueIdentifier>{4FC737F1-C7A5-4376-A066-2A32D752A2FF}</UniqueIdentifier>
      <Extensions>cpp;c;cc;cxx;def;odl;idl;hpj;bat;asm;asmx</Extensions>
    </Filter>
    <Filter Include="头文件">
      <UniqueIdentifier>{93995380-89BD-4b04-88EB-625FBE52EBFB}</UniqueIdentifier>
      <Extensions>h;hpp;hxx;hm;inl;inc;xsd</Extensions>
    </Filter>
    <Filter Include="资源文件">
      <UniqueIdentifier>{67DA6AB6-F800-4c08-8B7A-83BB121AAD01}</UniqueIdentifier>
      <Extensions>rc;ico;cur;bmp;dlg;rc2;rct;bin;rgs;gif;jpg;jpeg;jpe;resx;tiff;tif;png;wav</Extensions>
    </Filter>
    <Filter Include="zlib">
      <UniqueIdentifier>{0ac52660-2cd5-4304-8316-248aad01e250}</UniqueIdentifier>
    </Filter>
  </ItemGroup>
  <ItemGroup>
    <ClCompile Include="LibInterface.cpp">
      <Filter>源文件</Filter>
    </ClCompile>
    <ClCompile Include="zlib_src\adler32.c">
      <Filter>zlib</Filter>
    </ClCompile>
    <ClCompile Include="zlib_src\compress.c">
      <Filter>zlib</Filter>
    </ClCompile>
    <ClCompile Include="zlib_src\crc32.c">
      <Filter>zlib</Filter>
    </ClCompile>
    <ClCompile Include="zlib_src\deflate.c">
      <Filter>zlib</Filter>
    </ClCompile>
    <ClCompile Include="zlib_src\gzclose.c">
      <Filter>zlib</Filter>
    </ClCompile>
    <ClCompile Include="zlib_src\gzlib.c">
      <Filter>zlib</Filter>
    </ClCompile>
    <ClCompile Include="zlib_src\gzread.c">
      <Filter>zlib</Filter>
    </ClCompile>
    <ClCompile Include="zlib_src\gzwrite.c">
      <Filter>zlib</Filter>
    </ClCompile>
    <ClCompile Include="zlib_src\infback.c">
      <Filter>zlib</Filter>
    </ClCompile>
    <ClCompile Include="zlib_src\inffas8664.c">
      <Filter>zlib</Filter>
    </ClCompile>
    <ClCompile Include="zlib_src\inffast.c">
      <Filter>zlib</Filter>
    </ClCompile>
    <ClCompile Include="zlib_src\inflate.c">
      <Filter>zlib</Filter>
    </ClCompile>
    <ClCompile Include="zlib_src\inftrees.c">
      <Filter>zlib</Filter>
    </ClCompile>
    <ClCompile Include="zlib_src\ioapi.c">
      <Filter>zlib</Filter>
    </ClCompile>
    <ClCompile Include="zlib_src\iowin32.c">
      <Filter>zlib</Filter>
    </ClCompile>
    <ClCompile Include="zlib_src\trees.c">
      <Filter>zlib</Filter>
    </ClCompile>
    <ClCompile Include="zlib_src\uncompr.c">
      <Filter>zlib</Filter>
    </ClCompile>
    <ClCompile Include="zlib_src\unzip.c">
      <Filter>zlib</Filter>
    </ClCompile>
    <ClCompile Include="zlib_src\zip.c">
      <Filter>zlib</Filter>
    </ClCompile>
    <ClCompile Include="zlib_src\zutil.c">
      <Filter>zlib</Filter>
    </ClCompile>
  </ItemGroup>
  <ItemGroup>
    <ClInclude Include="ILibInterface.h">
      <Filter>头文件</Filter>
    </ClInclude>
    <ClInclude Include="zlib_src\crc32.h">
      <Filter>zlib</Filter>
    </ClInclude>
    <ClInclude Include="zlib_src\crypt.h">
      <Filter>zlib</Filter>
    </ClInclude>
    <ClInclude Include="zlib_src\deflate.h">
      <Filter>zlib</Filter>
    </ClInclude>
    <ClInclude Include="zlib_src\gzguts.h">
      <Filter>zlib</Filter>
    </ClInclude>
    <ClInclude Include="zlib_src\inffast.h">
      <Filter>zlib</Filter>
    </ClInclude>
    <ClInclude Include="zlib_src\inffixed.h">
      <Filter>zlib</Filter>
    </ClInclude>
    <ClInclude Include="zlib_src\inflate.h">
      <Filter>zlib</Filter>
    </ClInclude>
    <ClInclude Include="zlib_src\inftrees.h">
      <Filter>zlib</Filter>
    </ClInclude>
    <ClInclude Include="zlib_src\iowin32.h">
      <Filter>zlib</Filter>
    </ClInclude>
    <ClInclude Include="zlib_src\trees.h">
      <Filter>zlib</Filter>
    </ClInclude>
    <ClInclude Include="zlib_src\zconf.h">
      <Filter>zlib</Filter>
    </ClInclude>
    <ClInclude Include="zlib_src\zlib.h">
      <Filter>zlib</Filter>
    </ClInclude>
    <ClInclude Include="zlib_src\zutil.h">
      <Filter>zlib</Filter>
    </ClInclude>
  </ItemGroup>
</Project>