<?xml version="1.0" encoding="utf-8"?>
<Project ToolsVersion="4.0" xmlns="http://schemas.microsoft.com/developer/msbuild/2003">
  <ItemGroup>
    <Filter Include="Source Files">
      <UniqueIdentifier>{01c69c7b-d575-4702-a39d-5d3842ab10b5}</UniqueIdentifier>
      <Extensions>cpp;c;cxx;rc;def;r;odl;idl;hpj;bat</Extensions>
    </Filter>
    <Filter Include="Header Files">
      <UniqueIdentifier>{fbdcfd22-653b-4c69-8033-d8a74d3b579d}</UniqueIdentifier>
      <Extensions>h;hpp;hxx;hm;inl</Extensions>
    </Filter>
    <Filter Include="Resource Files">
      <UniqueIdentifier>{f2398934-462a-4d1f-986c-475300ef0273}</UniqueIdentifier>
      <Extensions>ico;cur;bmp;dlg;rc2;rct;bin;rgs;gif;jpg;jpeg;jpe</Extensions>
    </Filter>
    <Filter Include="ProcessLock">
      <UniqueIdentifier>{4af3aa57-13ae-43f1-83bb-5387c5219ed2}</UniqueIdentifier>
    </Filter>
    <Filter Include="ShareMem">
      <UniqueIdentifier>{b8c59909-a8cb-4eca-87c1-99935f1a0beb}</UniqueIdentifier>
    </Filter>
  </ItemGroup>
  <ItemGroup>
    <ClCompile Include="disasm-lib\cpu.c">
      <Filter>Source Files</Filter>
    </ClCompile>
    <ClCompile Include="disasm-lib\disasm.c">
      <Filter>Source Files</Filter>
    </ClCompile>
    <ClCompile Include="disasm-lib\disasm_x86.c">
      <Filter>Source Files</Filter>
    </ClCompile>
    <ClCompile Include="mhook-lib\mhook.cpp">
      <Filter>Source Files</Filter>
    </ClCompile>
    <ClCompile Include="disasm-lib\misc.c">
      <Filter>Source Files</Filter>
    </ClCompile>
    <ClCompile Include="msgHook.cpp">
      <Filter>Source Files</Filter>
    </ClCompile>
    <ClCompile Include="StdAfx.cpp">
      <Filter>Source Files</Filter>
    </ClCompile>
    <ClCompile Include="ProcessLock\ProcessLock.cpp">
      <Filter>ProcessLock</Filter>
    </ClCompile>
    <ClCompile Include="ShareMem\ShareMemry.cpp">
      <Filter>ShareMem</Filter>
    </ClCompile>
  </ItemGroup>
  <ItemGroup>
    <ClInclude Include="StdAfx.h">
      <Filter>Header Files</Filter>
    </ClInclude>
    <ClInclude Include="disasm-lib\cpu.h">
      <Filter>Header Files</Filter>
    </ClInclude>
    <ClInclude Include="disasm-lib\disasm.h">
      <Filter>Header Files</Filter>
    </ClInclude>
    <ClInclude Include="disasm-lib\disasm_x86.h">
      <Filter>Header Files</Filter>
    </ClInclude>
    <ClInclude Include="disasm-lib\disasm_x86_tables.h">
      <Filter>Header Files</Filter>
    </ClInclude>
    <ClInclude Include="disasm-lib\misc.h">
      <Filter>Header Files</Filter>
    </ClInclude>
    <ClInclude Include="ProcessLock\ProcessLock.h">
      <Filter>ProcessLock</Filter>
    </ClInclude>
    <ClInclude Include="ShareMem\ShareMemry.h">
      <Filter>ShareMem</Filter>
    </ClInclude>
  </ItemGroup>
  <ItemGroup>
    <CustomBuild Include="ReadMe.txt" />
  </ItemGroup>
</Project>