
Microsoft Visual Studio Solution File, Format Version 10.00
# Visual Studio 2008
Project("{8BC9CEB8-8B4A-11D0-8D11-00A0C91BC942}") = "COMM_USE", "COMM_USE\COMM_USE.vcproj", "{AA09A7D5-9609-4D26-B8D7-4CE98E726E5C}"
EndProject
Global
	GlobalSection(SolutionConfigurationPlatforms) = preSolution
		Debug|Win32 = Debug|Win32
		Release|Win32 = Release|Win32
	EndGlobalSection
	GlobalSection(ProjectConfigurationPlatforms) = postSolution
		{AA09A7D5-9609-4D26-B8D7-4CE98E726E5C}.Debug|Win32.ActiveCfg = Debug|Win32
		{AA09A7D5-9609-4D26-B8D7-4CE98E726E5C}.Debug|Win32.Build.0 = Debug|Win32
		{AA09A7D5-9609-4D26-B8D7-4CE98E726E5C}.Release|Win32.ActiveCfg = Release|Win32
		{AA09A7D5-9609-4D26-B8D7-4CE98E726E5C}.Release|Win32.Build.0 = Release|Win32
	EndGlobalSection
	GlobalSection(SolutionProperties) = preSolution
		HideSolutionNode = FALSE
	EndGlobalSection
EndGlobal
