
Microsoft Visual Studio Solution File, Format Version 12.00
# Visual Studio 2012
Project("{8BC9CEB8-8B4A-11D0-8D11-00A0C91BC942}") = "kinject", "kinject\kinject.vcxproj", "{FF225C85-A407-43C4-BC01-A8C5625AC7B2}"
EndProject
Global
	GlobalSection(SolutionConfigurationPlatforms) = preSolution
		Debug|Win32 = Debug|Win32
		Release|Win32 = Release|Win32
	EndGlobalSection
	GlobalSection(ProjectConfigurationPlatforms) = postSolution
		{FF225C85-A407-43C4-BC01-A8C5625AC7B2}.Debug|Win32.ActiveCfg = Release|Win32
		{FF225C85-A407-43C4-BC01-A8C5625AC7B2}.Debug|Win32.Build.0 = Release|Win32
		{FF225C85-A407-43C4-BC01-A8C5625AC7B2}.Debug|Win32.Deploy.0 = Release|Win32
		{FF225C85-A407-43C4-BC01-A8C5625AC7B2}.Release|Win32.ActiveCfg = Release|Win32
		{FF225C85-A407-43C4-BC01-A8C5625AC7B2}.Release|Win32.Build.0 = Release|Win32
		{FF225C85-A407-43C4-BC01-A8C5625AC7B2}.Release|Win32.Deploy.0 = Release|Win32
	EndGlobalSection
	GlobalSection(SolutionProperties) = preSolution
		HideSolutionNode = FALSE
	EndGlobalSection
EndGlobal
