
Microsoft Visual Studio Solution File, Format Version 11.00
# Visual Studio 2010
Project("{8BC9CEB8-8B4A-11D0-8D11-00A0C91BC942}") = "Inject32To64Console", "Inject32To64Console\Inject32To64Console.vcxproj", "{8DED8EE2-461D-403F-B044-70AA0BCFEAB1}"
EndProject
Project("{8BC9CEB8-8B4A-11D0-8D11-00A0C91BC942}") = "InjectDll", "InjectDll\InjectDll.vcxproj", "{CB25B7D4-A4F3-4270-9B50-2E911BEB7DB0}"
EndProject
Project("{8BC9CEB8-8B4A-11D0-8D11-00A0C91BC942}") = "load64dll", "load64dll\load64dll.vcxproj", "{97DE8F80-FECB-4163-B990-B05B3A526773}"
EndProject
Project("{8BC9CEB8-8B4A-11D0-8D11-00A0C91BC942}") = "wow64ext-new", "rewolf-wow64ext-master-lib\src\wow64ext-new.vcxproj", "{46A0FBD1-1319-4E50-9BC7-9B7E458AFF6C}"
EndProject
Global
	GlobalSection(SolutionConfigurationPlatforms) = preSolution
		Debug|Win32 = Debug|Win32
		Debug|x64 = Debug|x64
		Release|Win32 = Release|Win32
		Release|x64 = Release|x64
	EndGlobalSection
	GlobalSection(ProjectConfigurationPlatforms) = postSolution
		{8DED8EE2-461D-403F-B044-70AA0BCFEAB1}.Debug|Win32.ActiveCfg = Debug|Win32
		{8DED8EE2-461D-403F-B044-70AA0BCFEAB1}.Debug|Win32.Build.0 = Debug|Win32
		{8DED8EE2-461D-403F-B044-70AA0BCFEAB1}.Debug|x64.ActiveCfg = Debug|x64
		{8DED8EE2-461D-403F-B044-70AA0BCFEAB1}.Debug|x64.Build.0 = Debug|x64
		{8DED8EE2-461D-403F-B044-70AA0BCFEAB1}.Release|Win32.ActiveCfg = Release|Win32
		{8DED8EE2-461D-403F-B044-70AA0BCFEAB1}.Release|Win32.Build.0 = Release|Win32
		{8DED8EE2-461D-403F-B044-70AA0BCFEAB1}.Release|x64.ActiveCfg = Release|x64
		{8DED8EE2-461D-403F-B044-70AA0BCFEAB1}.Release|x64.Build.0 = Release|x64
		{CB25B7D4-A4F3-4270-9B50-2E911BEB7DB0}.Debug|Win32.ActiveCfg = Debug|Win32
		{CB25B7D4-A4F3-4270-9B50-2E911BEB7DB0}.Debug|Win32.Build.0 = Debug|Win32
		{CB25B7D4-A4F3-4270-9B50-2E911BEB7DB0}.Debug|x64.ActiveCfg = Debug|x64
		{CB25B7D4-A4F3-4270-9B50-2E911BEB7DB0}.Debug|x64.Build.0 = Debug|x64
		{CB25B7D4-A4F3-4270-9B50-2E911BEB7DB0}.Release|Win32.ActiveCfg = Release|Win32
		{CB25B7D4-A4F3-4270-9B50-2E911BEB7DB0}.Release|Win32.Build.0 = Release|Win32
		{CB25B7D4-A4F3-4270-9B50-2E911BEB7DB0}.Release|x64.ActiveCfg = Release|x64
		{CB25B7D4-A4F3-4270-9B50-2E911BEB7DB0}.Release|x64.Build.0 = Release|x64
		{97DE8F80-FECB-4163-B990-B05B3A526773}.Debug|Win32.ActiveCfg = Debug|Win32
		{97DE8F80-FECB-4163-B990-B05B3A526773}.Debug|Win32.Build.0 = Debug|Win32
		{97DE8F80-FECB-4163-B990-B05B3A526773}.Debug|x64.ActiveCfg = Debug|x64
		{97DE8F80-FECB-4163-B990-B05B3A526773}.Debug|x64.Build.0 = Debug|x64
		{97DE8F80-FECB-4163-B990-B05B3A526773}.Release|Win32.ActiveCfg = Release|Win32
		{97DE8F80-FECB-4163-B990-B05B3A526773}.Release|Win32.Build.0 = Release|Win32
		{97DE8F80-FECB-4163-B990-B05B3A526773}.Release|x64.ActiveCfg = Release|x64
		{97DE8F80-FECB-4163-B990-B05B3A526773}.Release|x64.Build.0 = Release|x64
		{46A0FBD1-1319-4E50-9BC7-9B7E458AFF6C}.Debug|Win32.ActiveCfg = Debug|Win32
		{46A0FBD1-1319-4E50-9BC7-9B7E458AFF6C}.Debug|Win32.Build.0 = Debug|Win32
		{46A0FBD1-1319-4E50-9BC7-9B7E458AFF6C}.Debug|x64.ActiveCfg = Debug|Win32
		{46A0FBD1-1319-4E50-9BC7-9B7E458AFF6C}.Release|Win32.ActiveCfg = Release|Win32
		{46A0FBD1-1319-4E50-9BC7-9B7E458AFF6C}.Release|Win32.Build.0 = Release|Win32
		{46A0FBD1-1319-4E50-9BC7-9B7E458AFF6C}.Release|x64.ActiveCfg = Release|Win32
	EndGlobalSection
	GlobalSection(SolutionProperties) = preSolution
		HideSolutionNode = FALSE
	EndGlobalSection
EndGlobal
