
Microsoft Visual Studio Solution File, Format Version 10.00
# Visual Studio 2008
Project("{8BC9CEB8-8B4A-11D0-8D11-00A0C91BC942}") = "lua5.2", "lua5.2\lua5.2.vcproj", "{86CCF48C-1E7F-461D-AA54-FB0CD7A8CC29}"
EndProject
Project("{8BC9CEB8-8B4A-11D0-8D11-00A0C91BC942}") = "luac", "luac\luac.vcproj", "{3C70C064-702B-421D-84E1-212F2710A563}"
EndProject
Project("{8BC9CEB8-8B4A-11D0-8D11-00A0C91BC942}") = "lua", "lua\lua.vcproj", "{D4837FA6-CB78-421B-8723-DA41C88AF5A9}"
EndProject
Global
	GlobalSection(SolutionConfigurationPlatforms) = preSolution
		Debug|Win32 = Debug|Win32
		Release|Win32 = Release|Win32
	EndGlobalSection
	GlobalSection(ProjectConfigurationPlatforms) = postSolution
		{86CCF48C-1E7F-461D-AA54-FB0CD7A8CC29}.Debug|Win32.ActiveCfg = Debug|Win32
		{86CCF48C-1E7F-461D-AA54-FB0CD7A8CC29}.Debug|Win32.Build.0 = Debug|Win32
		{86CCF48C-1E7F-461D-AA54-FB0CD7A8CC29}.Release|Win32.ActiveCfg = Release|Win32
		{86CCF48C-1E7F-461D-AA54-FB0CD7A8CC29}.Release|Win32.Build.0 = Release|Win32
		{3C70C064-702B-421D-84E1-212F2710A563}.Debug|Win32.ActiveCfg = Debug|Win32
		{3C70C064-702B-421D-84E1-212F2710A563}.Debug|Win32.Build.0 = Debug|Win32
		{3C70C064-702B-421D-84E1-212F2710A563}.Release|Win32.ActiveCfg = Release|Win32
		{3C70C064-702B-421D-84E1-212F2710A563}.Release|Win32.Build.0 = Release|Win32
		{D4837FA6-CB78-421B-8723-DA41C88AF5A9}.Debug|Win32.ActiveCfg = Debug|Win32
		{D4837FA6-CB78-421B-8723-DA41C88AF5A9}.Debug|Win32.Build.0 = Debug|Win32
		{D4837FA6-CB78-421B-8723-DA41C88AF5A9}.Release|Win32.ActiveCfg = Release|Win32
		{D4837FA6-CB78-421B-8723-DA41C88AF5A9}.Release|Win32.Build.0 = Release|Win32
	EndGlobalSection
	GlobalSection(SolutionProperties) = preSolution
		HideSolutionNode = FALSE
	EndGlobalSection
EndGlobal
