<?xml version="1.0" encoding="utf-8"?>
<Project ToolsVersion="4.0" xmlns="http://schemas.microsoft.com/developer/msbuild/2003">
  <ItemGroup>
    <Filter Include="源文件">
      <UniqueIdentifier>{4FC737F1-C7A5-4376-A066-2A32D752A2FF}</UniqueIdentifier>
      <Extensions>cpp;c;cc;cxx;def;odl;idl;hpj;bat;asm;asmx</Extensions>
    </Filter>
    <Filter Include="头文件">
      <UniqueIdentifier>{93995380-89BD-4b04-88EB-625FBE52EBFB}</UniqueIdentifier>
      <Extensions>h;hpp;hxx;hm;inl;inc;xsd</Extensions>
    </Filter>
    <Filter Include="资源文件">
      <UniqueIdentifier>{67DA6AB6-F800-4c08-8B7A-83BB121AAD01}</UniqueIdentifier>
      <Extensions>rc;ico;cur;bmp;dlg;rc2;rct;bin;rgs;gif;jpg;jpeg;jpe;resx;tiff;tif;png;wav;mfcribbon-ms</Extensions>
    </Filter>
    <Filter Include="src">
      <UniqueIdentifier>{2ebfdd48-5094-4dac-9df0-fd56f5ba5959}</UniqueIdentifier>
    </Filter>
    <Filter Include="src\menu">
      <UniqueIdentifier>{80c84183-ffd6-43a8-beb1-515d72dc96f6}</UniqueIdentifier>
    </Filter>
    <Filter Include="src\base">
      <UniqueIdentifier>{30c7d68f-724c-4456-916d-08b8b47300d0}</UniqueIdentifier>
    </Filter>
    <Filter Include="src\ctrl">
      <UniqueIdentifier>{a353a507-b48a-42de-93ca-1627711da3c1}</UniqueIdentifier>
    </Filter>
    <Filter Include="src\UI">
      <UniqueIdentifier>{eb67ba29-b4e8-4aae-be0d-a87102e406b9}</UniqueIdentifier>
    </Filter>
    <Filter Include="src\rapidjson">
      <UniqueIdentifier>{b9be5c50-cd9e-4a6c-acea-de443baeabd7}</UniqueIdentifier>
    </Filter>
    <Filter Include="src\render">
      <UniqueIdentifier>{b89de754-c7b6-4139-9cd4-f8f28a0a0816}</UniqueIdentifier>
    </Filter>
  </ItemGroup>
  <ItemGroup>
    <None Include="ReadMe.txt" />
    <None Include="small.ico">
      <Filter>资源文件</Filter>
    </None>
    <None Include="ATT.ico">
      <Filter>资源文件</Filter>
    </None>
  </ItemGroup>
  <ItemGroup>
    <ClInclude Include="stdafx.h">
      <Filter>头文件</Filter>
    </ClInclude>
    <ClInclude Include="targetver.h">
      <Filter>头文件</Filter>
    </ClInclude>
    <ClInclude Include="Resource.h">
      <Filter>头文件</Filter>
    </ClInclude>
    <ClInclude Include="ATT.h">
      <Filter>头文件</Filter>
    </ClInclude>
    <ClInclude Include="src\menu\MenuMgr.h">
      <Filter>src\menu</Filter>
    </ClInclude>
    <ClInclude Include="src\base\jkFactory.h">
      <Filter>src\base</Filter>
    </ClInclude>
    <ClInclude Include="src\base\jkInterface.h">
      <Filter>src\base</Filter>
    </ClInclude>
    <ClInclude Include="src\base\jkDef.h">
      <Filter>src\base</Filter>
    </ClInclude>
    <ClInclude Include="src\jkinc.h">
      <Filter>src</Filter>
    </ClInclude>
    <ClInclude Include="src\ctrl\TabControl.h">
      <Filter>src\ctrl</Filter>
    </ClInclude>
    <ClInclude Include="src\ctrl\App.h">
      <Filter>src\ctrl</Filter>
    </ClInclude>
    <ClInclude Include="src\UI\MainClient.h">
      <Filter>src\UI</Filter>
    </ClInclude>
    <ClInclude Include="src\UI\MainWindow.h">
      <Filter>src\UI</Filter>
    </ClInclude>
    <ClInclude Include="src\rapidjson\rapidjson.h">
      <Filter>src\rapidjson</Filter>
    </ClInclude>
    <ClInclude Include="src\rapidjson\document.h">
      <Filter>src\rapidjson</Filter>
    </ClInclude>
    <ClInclude Include="src\rapidjson\reader.h">
      <Filter>src\rapidjson</Filter>
    </ClInclude>
    <ClInclude Include="src\rapidjson\writer.h">
      <Filter>src\rapidjson</Filter>
    </ClInclude>
    <ClInclude Include="src\rapidjson\allocators.h">
      <Filter>src\rapidjson</Filter>
    </ClInclude>
    <ClInclude Include="src\rapidjson\encodedstream.h">
      <Filter>src\rapidjson</Filter>
    </ClInclude>
    <ClInclude Include="src\rapidjson\encodings.h">
      <Filter>src\rapidjson</Filter>
    </ClInclude>
    <ClInclude Include="src\rapidjson\filereadstream.h">
      <Filter>src\rapidjson</Filter>
    </ClInclude>
    <ClInclude Include="src\rapidjson\filewritestream.h">
      <Filter>src\rapidjson</Filter>
    </ClInclude>
    <ClInclude Include="src\rapidjson\fwd.h">
      <Filter>src\rapidjson</Filter>
    </ClInclude>
    <ClInclude Include="src\rapidjson\istreamwrapper.h">
      <Filter>src\rapidjson</Filter>
    </ClInclude>
    <ClInclude Include="src\rapidjson\memorybuffer.h">
      <Filter>src\rapidjson</Filter>
    </ClInclude>
    <ClInclude Include="src\rapidjson\memorystream.h">
      <Filter>src\rapidjson</Filter>
    </ClInclude>
    <ClInclude Include="src\rapidjson\ostreamwrapper.h">
      <Filter>src\rapidjson</Filter>
    </ClInclude>
    <ClInclude Include="src\rapidjson\pointer.h">
      <Filter>src\rapidjson</Filter>
    </ClInclude>
    <ClInclude Include="src\rapidjson\prettywriter.h">
      <Filter>src\rapidjson</Filter>
    </ClInclude>
    <ClInclude Include="src\rapidjson\schema.h">
      <Filter>src\rapidjson</Filter>
    </ClInclude>
    <ClInclude Include="src\rapidjson\stream.h">
      <Filter>src\rapidjson</Filter>
    </ClInclude>
    <ClInclude Include="src\rapidjson\stringbuffer.h">
      <Filter>src\rapidjson</Filter>
    </ClInclude>
    <ClInclude Include="src\render\jkRender.h">
      <Filter>src\render</Filter>
    </ClInclude>
  </ItemGroup>
  <ItemGroup>
    <ClCompile Include="stdafx.cpp">
      <Filter>源文件</Filter>
    </ClCompile>
    <ClCompile Include="ATT.cpp">
      <Filter>源文件</Filter>
    </ClCompile>
    <ClCompile Include="src\menu\MenuMgr.cpp">
      <Filter>src\menu</Filter>
    </ClCompile>
    <ClCompile Include="src\ctrl\TabControl.cpp">
      <Filter>src\ctrl</Filter>
    </ClCompile>
    <ClCompile Include="src\ctrl\App.cpp">
      <Filter>src\ctrl</Filter>
    </ClCompile>
    <ClCompile Include="src\UI\MainClient.cpp">
      <Filter>src\UI</Filter>
    </ClCompile>
    <ClCompile Include="src\UI\MainWindow.cpp">
      <Filter>src\UI</Filter>
    </ClCompile>
    <ClCompile Include="src\render\jkRender.cpp">
      <Filter>src\render</Filter>
    </ClCompile>
  </ItemGroup>
  <ItemGroup>
    <ResourceCompile Include="ATT.rc">
      <Filter>资源文件</Filter>
    </ResourceCompile>
  </ItemGroup>
</Project>